{
  "name": "client",
  "version": "1.0.0",
  "dependencies": {
    "http": {
      "version": "0.0.0",
      "from": "http@latest",
      "resolved": "./node_shrinkwrap/http-0.0.0.tar"
    },
    "jquery": {
      "version": "3.1.1",
      "from": "jquery@latest",
      "resolved": "./node_shrinkwrap/jquery-3.1.1.tar"
    },
    "sass": {
      "version": "0.5.0",
      "from": "sass@latest",
      "resolved": "./node_shrinkwrap/sass-0.5.0.tar"
    }
  }
}